<?xml version="1.0" encoding="utf-8"?>
<Project ToolsVersion="4.0" xmlns="http://schemas.microsoft.com/developer/msbuild/2003">
  <ItemGroup>
    <ClCompile Include="Actor.cpp" />
    <ClCompile Include="DrawableAsset.cpp" />
    <ClCompile Include="GameBoard.cpp" />
    <ClCompile Include="GameController.cpp" />
    <ClCompile Include="GameLevel.cpp" />
    <ClCompile Include="GameObject.cpp" />
    <ClCompile Include="GameWorld.cpp" />
    <ClCompile Include="Graphics.cpp" />
    <ClCompile Include="GraphicsLocator.cpp" />
    <ClCompile Include="GrassTerrain.cpp" />
    <ClCompile Include="InputComponent.cpp" />
    <ClCompile Include="Level1.cpp" />
    <ClCompile Include="main.cpp" />
    <ClCompile Include="MainMenuLevel.cpp" />
    <ClCompile Include="Observer.cpp" />
    <ClCompile Include="PhysicsComponent.cpp" />
    <ClCompile Include="ActorState.cpp" />
    <ClCompile Include="RoadTerrain.cpp" />
    <ClCompile Include="SpriteSheet.cpp" />
    <ClCompile Include="SpriteSheetAsset.cpp" />
    <ClCompile Include="Square.cpp" />
    <ClCompile Include="SquareFactory.cpp" />
    <ClCompile Include="AssetFactory.cpp" />
    <ClCompile Include="Visitor.cpp" />
  </ItemGroup>
  <ItemGroup>
    <ClInclude Include="Actor.h" />
    <ClInclude Include="DrawableAsset.h" />
    <ClInclude Include="GameBoard.h" />
    <ClInclude Include="GameController.h" />
    <ClInclude Include="GameLevel.h" />
    <ClInclude Include="GameObject.h" />
    <ClInclude Include="GameWorld.h" />
    <ClInclude Include="Graphics.h" />
    <ClInclude Include="GraphicsLocator.h" />
    <ClInclude Include="GrassTerrain.h" />
    <ClInclude Include="InputComponent.h" />
    <ClInclude Include="Level1.h" />
    <ClInclude Include="MainMenuLevel.h" />
    <ClInclude Include="PhysicsComponent.h" />
    <ClInclude Include="Observer.h" />
    <ClInclude Include="ActorState.h" />
    <ClInclude Include="RoadTerrain.h" />
    <ClInclude Include="SpriteSheet.h" />
    <ClInclude Include="SpriteSheetAsset.h" />
    <ClInclude Include="Square.h" />
    <ClInclude Include="SquareFactory.h" />
    <ClInclude Include="AssetFactory.h" />
    <ClInclude Include="Visitor.h" />
  </ItemGroup>
  <ItemGroup>
    <Image Include="Assets\playercar.bmp" />
    <Image Include="Assets\shrub1.bmp" />
    <Image Include="Assets\tree1.bmp" />
    <Image Include="Assets\tree2.bmp" />
  </ItemGroup>
  <ItemGroup>
    <Text Include="TODO.txt" />
  </ItemGroup>
</Project>